// !$*UTF8*$!
{
	archiveVersion = 1;
	classes = {
	};
	objectVersion = 56;
	objects = {

/* Begin PBXBuildFile section */
		B21BEFAE2E4380E900EDBF92 /* AppDelegate.swift in Sources */ = {isa = PBXBuildFile; fileRef = B21BEFAD2E4380E900EDBF92 /* AppDelegate.swift */; };
		B21BEFB02E4380E900EDBF92 /* SceneDelegate.swift in Sources */ = {isa = PBXBuildFile; fileRef = B21BEFAF2E4380E900EDBF92 /* SceneDelegate.swift */; };
		B21BEFB22E4380E900EDBF92 /* ViewController.swift in Sources */ = {isa = PBXBuildFile; fileRef = B21BEFB12E4380E900EDBF92 /* ViewController.swift */; };
		B21BEFB52E4380E900EDBF92 /* Base in Resources */ = {isa = PBXBuildFile; fileRef = B21BEFB42E4380E900EDBF92 /* Base */; };
		B21BEFB72E4380EB00EDBF92 /* Assets.xcassets in Resources */ = {isa = PBXBuildFile; fileRef = B21BEFB62E4380EB00EDBF92 /* Assets.xcassets */; };
		B21BEFBA2E4380EB00EDBF92 /* Base in Resources */ = {isa = PBXBuildFile; fileRef = B21BEFB92E4380EB00EDBF92 /* Base */; };
		B21BEFCD2E43814D00EDBF92 /* PortfolioSummaryView.swift in Sources */ = {isa = PBXBuildFile; fileRef = B21BEFC12E43814D00EDBF92 /* PortfolioSummaryView.swift */; };
		B21BEFCE2E43814D00EDBF92 /* FlashLoanExecutor.swift in Sources */ = {isa = PBXBuildFile; fileRef = B21BEFC22E43814D00EDBF92 /* FlashLoanExecutor.swift */; };
		B21BEFCF2E43814D00EDBF92 /* AppDelegate.swift in Sources */ = {isa = PBXBuildFile; fileRef = B21BEFC32E43814D00EDBF92 /* AppDelegate.swift */; };
		B21BEFD02E43814D00EDBF92 /* ArbitrageOpportunity.swift in Sources */ = {isa = PBXBuildFile; fileRef = B21BEFC42E43814D00EDBF92 /* ArbitrageOpportunity.swift */; };
		B21BEFD12E43814D00EDBF92 /* ExecutorViewController.swift in Sources */ = {isa = PBXBuildFile; fileRef = B21BEFC52E43814D00EDBF92 /* ExecutorViewController.swift */; };
		B21BEFD22E43814D00EDBF92 /* DashboardViewController.swift in Sources */ = {isa = PBXBuildFile; fileRef = B21BEFC62E43814D00EDBF92 /* DashboardViewController.swift */; };
		B21BEFD32E43814D00EDBF92 /* OpportunityTableViewCell.swift in Sources */ = {isa = PBXBuildFile; fileRef = B21BEFC72E43814D00EDBF92 /* OpportunityTableViewCell.swift */; };
		B21BEFD42E43814D00EDBF92 /* MainTabBarController.swift in Sources */ = {isa = PBXBuildFile; fileRef = B21BEFC82E43814D00EDBF92 /* MainTabBarController.swift */; };
		B21BEFD52E43814D00EDBF92 /* ArbitrageService.swift in Sources */ = {isa = PBXBuildFile; fileRef = B21BEFC92E43814D00EDBF92 /* ArbitrageService.swift */; };
		B21BEFD62E43814D00EDBF92 /* Portfolio.swift in Sources */ = {isa = PBXBuildFile; fileRef = B21BEFCA2E43814D00EDBF92 /* Portfolio.swift */; };
		B21BEFD72E43814D00EDBF92 /* ScannerViewController.swift in Sources */ = {isa = PBXBuildFile; fileRef = B21BEFCB2E43814D00EDBF92 /* ScannerViewController.swift */; };
		B21BEFD82E43814D00EDBF92 /* SceneDelegate.swift in Sources */ = {isa = PBXBuildFile; fileRef = B21BEFCC2E43814D00EDBF92 /* SceneDelegate.swift */; };
		B21BEFD92E4381D000EDBF92 /* Info.plist in Resources */ = {isa = PBXBuildFile; fileRef = B21BEFBB2E4380EB00EDBF92 /* Info.plist */; };
		B21BEFDA2E4381DA00EDBF92 /* LaunchScreen.storyboard in Resources */ = {isa = PBXBuildFile; fileRef = B21BEFB82E4380EB00EDBF92 /* LaunchScreen.storyboard */; };
		B21BEFDB2E4381E500EDBF92 /* Main.storyboard in Resources */ = {isa = PBXBuildFile; fileRef = B21BEFB32E4380E900EDBF92 /* Main.storyboard */; };
/* End PBXBuildFile section */

/* Begin PBXFileReference section */
		B21BEFAA2E4380E900EDBF92 /* FlashArb.app */ = {isa = PBXFileReference; explicitFileType = wrapper.application; includeInIndex = 0; path = FlashArb.app; sourceTree = BUILT_PRODUCTS_DIR; };
		B21BEFAD2E4380E900EDBF92 /* AppDelegate.swift */ = {isa = PBXFileReference; lastKnownFileType = sourcecode.swift; path = AppDelegate.swift; sourceTree = "<group>"; };
		B21BEFAF2E4380E900EDBF92 /* SceneDelegate.swift */ = {isa = PBXFileReference; lastKnownFileType = sourcecode.swift; path = SceneDelegate.swift; sourceTree = "<group>"; };
		B21BEFB12E4380E900EDBF92 /* ViewController.swift */ = {isa = PBXFileReference; lastKnownFileType = sourcecode.swift; path = ViewController.swift; sourceTree = "<group>"; };
		B21BEFB42E4380E900EDBF92 /* Base */ = {isa = PBXFileReference; lastKnownFileType = file.storyboard; name = Base; path = Base.lproj/Main.storyboard; sourceTree = "<group>"; };
		B21BEFB62E4380EB00EDBF92 /* Assets.xcassets */ = {isa = PBXFileReference; lastKnownFileType = folder.assetcatalog; path = Assets.xcassets; sourceTree = "<group>"; };
		B21BEFB92E4380EB00EDBF92 /* Base */ = {isa = PBXFileReference; lastKnownFileType = file.storyboard; name = Base; path = Base.lproj/LaunchScreen.storyboard; sourceTree = "<group>"; };
		B21BEFBB2E4380EB00EDBF92 /* Info.plist */ = {isa = PBXFileReference; lastKnownFileType = text.plist.xml; path = Info.plist; sourceTree = "<group>"; };
		B21BEFC12E43814D00EDBF92 /* PortfolioSummaryView.swift */ = {isa = PBXFileReference; fileEncoding = 4; lastKnownFileType = sourcecode.swift; path = PortfolioSummaryView.swift; sourceTree = "<group>"; };
		B21BEFC22E43814D00EDBF92 /* FlashLoanExecutor.swift */ = {isa = PBXFileReference; fileEncoding = 4; lastKnownFileType = sourcecode.swift; path = FlashLoanExecutor.swift; sourceTree = "<group>"; };
		B21BEFC32E43814D00EDBF92 /* AppDelegate.swift */ = {isa = PBXFileReference; fileEncoding = 4; lastKnownFileType = sourcecode.swift; name = AppDelegate.swift; path = "../../../Downloads/Build a Flash Loan Arbitrage Bot Course Outline (7)/AppDelegate.swift"; sourceTree = "<group>"; };
		B21BEFC42E43814D00EDBF92 /* ArbitrageOpportunity.swift */ = {isa = PBXFileReference; fileEncoding = 4; lastKnownFileType = sourcecode.swift; path = ArbitrageOpportunity.swift; sourceTree = "<group>"; };
		B21BEFC52E43814D00EDBF92 /* ExecutorViewController.swift */ = {isa = PBXFileReference; fileEncoding = 4; lastKnownFileType = sourcecode.swift; path = ExecutorViewController.swift; sourceTree = "<group>"; };
		B21BEFC62E43814D00EDBF92 /* DashboardViewController.swift */ = {isa = PBXFileReference; fileEncoding = 4; lastKnownFileType = sourcecode.swift; path = DashboardViewController.swift; sourceTree = "<group>"; };
		B21BEFC72E43814D00EDBF92 /* OpportunityTableViewCell.swift */ = {isa = PBXFileReference; fileEncoding = 4; lastKnownFileType = sourcecode.swift; path = OpportunityTableViewCell.swift; sourceTree = "<group>"; };
		B21BEFC82E43814D00EDBF92 /* MainTabBarController.swift */ = {isa = PBXFileReference; fileEncoding = 4; lastKnownFileType = sourcecode.swift; path = MainTabBarController.swift; sourceTree = "<group>"; };
		B21BEFC92E43814D00EDBF92 /* ArbitrageService.swift */ = {isa = PBXFileReference; fileEncoding = 4; lastKnownFileType = sourcecode.swift; path = ArbitrageService.swift; sourceTree = "<group>"; };
		B21BEFCA2E43814D00EDBF92 /* Portfolio.swift */ = {isa = PBXFileReference; fileEncoding = 4; lastKnownFileType = sourcecode.swift; path = Portfolio.swift; sourceTree = "<group>"; };
		B21BEFCB2E43814D00EDBF92 /* ScannerViewController.swift */ = {isa = PBXFileReference; fileEncoding = 4; lastKnownFileType = sourcecode.swift; path = ScannerViewController.swift; sourceTree = "<group>"; };
		B21BEFCC2E43814D00EDBF92 /* SceneDelegate.swift */ = {isa = PBXFileReference; fileEncoding = 4; lastKnownFileType = sourcecode.swift; name = SceneDelegate.swift; path = "../../../Downloads/Build a Flash Loan Arbitrage Bot Course Outline (7)/SceneDelegate.swift"; sourceTree = "<group>"; };
/* End PBXFileReference section */

/* Begin PBXFrameworksBuildPhase section */
		B21BEFA72E4380E900EDBF92 /* Frameworks */ = {
			isa = PBXFrameworksBuildPhase;
			buildActionMask = 2147483647;
			files = (
			);
			runOnlyForDeploymentPostprocessing = 0;
		};
/* End PBXFrameworksBuildPhase section */

/* Begin PBXGroup section */
		B21BEFA12E4380E900EDBF92 = {
			isa = PBXGroup;
			children = (
				B21BEFAC2E4380E900EDBF92 /* FlashArb */,
				B21BEFAB2E4380E900EDBF92 /* Products */,
			);
			sourceTree = "<group>";
		};
		B21BEFAB2E4380E900EDBF92 /* Products */ = {
			isa = PBXGroup;
			children = (
				B21BEFAA2E4380E900EDBF92 /* FlashArb.app */,
			);
			name = Products;
			sourceTree = "<group>";
		};
		B21BEFAC2E4380E900EDBF92 /* FlashArb */ = {
			isa = PBXGroup;
			children = (
				B21BEFAD2E4380E900EDBF92 /* AppDelegate.swift */,
				B21BEFAF2E4380E900EDBF92 /* SceneDelegate.swift */,
				B21BEFC32E43814D00EDBF92 /* AppDelegate.swift */,
				B21BEFC42E43814D00EDBF92 /* ArbitrageOpportunity.swift */,
				B21BEFC92E43814D00EDBF92 /* ArbitrageService.swift */,
				B21BEFC62E43814D00EDBF92 /* DashboardViewController.swift */,
				B21BEFC52E43814D00EDBF92 /* ExecutorViewController.swift */,
				B21BEFC22E43814D00EDBF92 /* FlashLoanExecutor.swift */,
				B21BEFC82E43814D00EDBF92 /* MainTabBarController.swift */,
				B21BEFC72E43814D00EDBF92 /* OpportunityTableViewCell.swift */,
				B21BEFCA2E43814D00EDBF92 /* Portfolio.swift */,
				B21BEFC12E43814D00EDBF92 /* PortfolioSummaryView.swift */,
				B21BEFCB2E43814D00EDBF92 /* ScannerViewController.swift */,
				B21BEFCC2E43814D00EDBF92 /* SceneDelegate.swift */,
				B21BEFB12E4380E900EDBF92 /* ViewController.swift */,
				B21BEFB32E4380E900EDBF92 /* Main.storyboard */,
				B21BEFB62E4380EB00EDBF92 /* Assets.xcassets */,
				B21BEFB82E4380EB00EDBF92 /* LaunchScreen.storyboard */,
				B21BEFBB2E4380EB00EDBF92 /* Info.plist */,
			);
			path = FlashArb;
			sourceTree = "<group>";
		};
/* End PBXGroup section */

/* Begin PBXNativeTarget section */
		B21BEFA92E4380E900EDBF92 /* FlashArb */ = {
			isa = PBXNativeTarget;
			buildConfigurationList = B21BEFBE2E4380EB00EDBF92 /* Build configuration list for PBXNativeTarget "FlashArb" */;
			buildPhases = (
				B21BEFA62E4380E900EDBF92 /* Sources */,
				B21BEFA72E4380E900EDBF92 /* Frameworks */,
				B21BEFA82E4380E900EDBF92 /* Resources */,
			);
			buildRules = (
			);
			dependencies = (
			);
			name = FlashArb;
			productName = FlashArb;
			productReference = B21BEFAA2E4380E900EDBF92 /* FlashArb.app */;
			productType = "com.apple.product-type.application";
		};
/* End PBXNativeTarget section */

/* Begin PBXProject section */
		B21BEFA22E4380E900EDBF92 /* Project object */ = {
			isa = PBXProject;
			attributes = {
				BuildIndependentTargetsInParallel = 1;
				LastSwiftUpdateCheck = 1530;
				LastUpgradeCheck = 1530;
				TargetAttributes = {
					B21BEFA92E4380E900EDBF92 = {
						CreatedOnToolsVersion = 15.3;
					};
				};
			};
			buildConfigurationList = B21BEFA52E4380E900EDBF92 /* Build configuration list for PBXProject "FlashArb" */;
			compatibilityVersion = "Xcode 14.0";
			developmentRegion = en;
			hasScannedForEncodings = 0;
			knownRegions = (
				en,
				Base,
			);
			mainGroup = B21BEFA12E4380E900EDBF92;
			productRefGroup = B21BEFAB2E4380E900EDBF92 /* Products */;
			projectDirPath = "";
			projectRoot = "";
			targets = (
				B21BEFA92E4380E900EDBF92 /* FlashArb */,
			);
		};
/* End PBXProject section */

/* Begin PBXResourcesBuildPhase section */
		B21BEFA82E4380E900EDBF92 /* Resources */ = {
			isa = PBXResourcesBuildPhase;
			buildActionMask = 2147483647;
			files = (
				B21BEFD92E4381D000EDBF92 /* Info.plist in Resources */,
				B21BEFB72E4380EB00EDBF92 /* Assets.xcassets in Resources */,
				B21BEFBA2E4380EB00EDBF92 /* Base in Resources */,
				B21BEFDB2E4381E500EDBF92 /* Main.storyboard in Resources */,
				B21BEFDA2E4381DA00EDBF92 /* LaunchScreen.storyboard in Resources */,
				B21BEFB52E4380E900EDBF92 /* Base in Resources */,
			);
			runOnlyForDeploymentPostprocessing = 0;
		};
/* End PBXResourcesBuildPhase section */

/* Begin PBXSourcesBuildPhase section */
		B21BEFA62E4380E900EDBF92 /* Sources */ = {
			isa = PBXSourcesBuildPhase;
			buildActionMask = 2147483647;
			files = (
				B21BEFD62E43814D00EDBF92 /* Portfolio.swift in Sources */,
				B21BEFCF2E43814D00EDBF92 /* AppDelegate.swift in Sources */,
				B21BEFD22E43814D00EDBF92 /* DashboardViewController.swift in Sources */,
				B21BEFD42E43814D00EDBF92 /* MainTabBarController.swift in Sources */,
				B21BEFCD2E43814D00EDBF92 /* PortfolioSummaryView.swift in Sources */,
				B21BEFD82E43814D00EDBF92 /* SceneDelegate.swift in Sources */,
				B21BEFB22E4380E900EDBF92 /* ViewController.swift in Sources */,
				B21BEFAE2E4380E900EDBF92 /* AppDelegate.swift in Sources */,
				B21BEFD72E43814D00EDBF92 /* ScannerViewController.swift in Sources */,
				B21BEFB02E4380E900EDBF92 /* SceneDelegate.swift in Sources */,
				B21BEFD52E43814D00EDBF92 /* ArbitrageService.swift in Sources */,
				B21BEFD12E43814D00EDBF92 /* ExecutorViewController.swift in Sources */,
				B21BEFCE2E43814D00EDBF92 /* FlashLoanExecutor.swift in Sources */,
				B21BEFD02E43814D00EDBF92 /* ArbitrageOpportunity.swift in Sources */,
				B21BEFD32E43814D00EDBF92 /* OpportunityTableViewCell.swift in Sources */,
			);
			runOnlyForDeploymentPostprocessing = 0;
		};
/* End PBXSourcesBuildPhase section */

/* Begin PBXVariantGroup section */
		B21BEFB32E4380E900EDBF92 /* Main.storyboard */ = {
			isa = PBXVariantGroup;
			children = (
				B21BEFB42E4380E900EDBF92 /* Base */,
			);
			name = Main.storyboard;
			sourceTree = "<group>";
		};
		B21BEFB82E4380EB00EDBF92 /* LaunchScreen.storyboard */ = {
			isa = PBXVariantGroup;
			children = (
				B21BEFB92E4380EB00EDBF92 /* Base */,
			);
			name = LaunchScreen.storyboard;
			sourceTree = "<group>";
		};
/* End PBXVariantGroup section */

/* Begin XCBuildConfiguration section */
		B21BEFBC2E4380EB00EDBF92 /* Debug */ = {
			isa = XCBuildConfiguration;
			buildSettings = {
				ALWAYS_SEARCH_USER_PATHS = NO;
				ASSETCATALOG_COMPILER_GENERATE_SWIFT_ASSET_SYMBOL_EXTENSIONS = YES;
				CLANG_ANALYZER_NONNULL = YES;
				CLANG_ANALYZER_NUMBER_OBJECT_CONVERSION = YES_AGGRESSIVE;
				CLANG_CXX_LANGUAGE_STANDARD = "gnu++20";
				CLANG_ENABLE_MODULES = YES;
				CLANG_ENABLE_OBJC_ARC = YES;
				CLANG_ENABLE_OBJC_WEAK = YES;
				CLANG_WARN_BLOCK_CAPTURE_AUTORELEASING = YES;
				CLANG_WARN_BOOL_CONVERSION = YES;
				CLANG_WARN_COMMA = YES;
				CLANG_WARN_CONSTANT_CONVERSION = YES;
				CLANG_WARN_DEPRECATED_OBJC_IMPLEMENTATIONS = YES;
				CLANG_WARN_DIRECT_OBJC_ISA_USAGE = YES_ERROR;
				CLANG_WARN_DOCUMENTATION_COMMENTS = YES;
				CLANG_WARN_EMPTY_BODY = YES;
				CLANG_WARN_ENUM_CONVERSION = YES;
				CLANG_WARN_INFINITE_RECURSION = YES;
				CLANG_WARN_INT_CONVERSION = YES;
				CLANG_WARN_NON_LITERAL_NULL_CONVERSION = YES;
				CLANG_WARN_OBJC_IMPLICIT_RETAIN_SELF = YES;
				CLANG_WARN_OBJC_LITERAL_CONVERSION = YES;
				CLANG_WARN_OBJC_ROOT_CLASS = YES_ERROR;
				CLANG_WARN_QUOTED_INCLUDE_IN_FRAMEWORK_HEADER = YES;
				CLANG_WARN_RANGE_LOOP_ANALYSIS = YES;
				CLANG_WARN_STRICT_PROTOTYPES = YES;
				CLANG_WARN_SUSPICIOUS_MOVE = YES;
				CLANG_WARN_UNGUARDED_AVAILABILITY = YES_AGGRESSIVE;
				CLANG_WARN_UNREACHABLE_CODE = YES;
				CLANG_WARN__DUPLICATE_METHOD_MATCH = YES;
				COPY_PHASE_STRIP = NO;
				DEBUG_INFORMATION_FORMAT = dwarf;
				ENABLE_STRICT_OBJC_MSGSEND = YES;
				ENABLE_TESTABILITY = YES;
				ENABLE_USER_SCRIPT_SANDBOXING = YES;
				GCC_C_LANGUAGE_STANDARD = gnu17;
				GCC_DYNAMIC_NO_PIC = NO;
				GCC_NO_COMMON_BLOCKS = YES;
				GCC_OPTIMIZATION_LEVEL = 0;
				GCC_PREPROCESSOR_DEFINITIONS = (
					"DEBUG=1",
					"$(inherited)",
				);
				GCC_WARN_64_TO_32_BIT_CONVERSION = YES;
				GCC_WARN_ABOUT_RETURN_TYPE = YES_ERROR;
				GCC_WARN_UNDECLARED_SELECTOR = YES;
				GCC_WARN_UNINITIALIZED_AUTOS = YES_AGGRESSIVE;
				GCC_WARN_UNUSED_FUNCTION = YES;
				GCC_WARN_UNUSED_VARIABLE = YES;
				IPHONEOS_DEPLOYMENT_TARGET = 17.4;
				LOCALIZATION_PREFERS_STRING_CATALOGS = YES;
				MTL_ENABLE_DEBUG_INFO = INCLUDE_SOURCE;
				MTL_FAST_MATH = YES;
				ONLY_ACTIVE_ARCH = YES;
				SDKROOT = iphoneos;
				SWIFT_ACTIVE_COMPILATION_CONDITIONS = "DEBUG $(inherited)";
				SWIFT_OPTIMIZATION_LEVEL = "-Onone";
			};
			name = Debug;
		};
		B21BEFBD2E4380EB00EDBF92 /* Release */ = {
			isa = XCBuildConfiguration;
			buildSettings = {
				ALWAYS_SEARCH_USER_PATHS = NO;
				ASSETCATALOG_COMPILER_GENERATE_SWIFT_ASSET_SYMBOL_EXTENSIONS = YES;
				CLANG_ANALYZER_NONNULL = YES;
				CLANG_ANALYZER_NUMBER_OBJECT_CONVERSION = YES_AGGRESSIVE;
				CLANG_CXX_LANGUAGE_STANDARD = "gnu++20";
				CLANG_ENABLE_MODULES = YES;
				CLANG_ENABLE_OBJC_ARC = YES;
				CLANG_ENABLE_OBJC_WEAK = YES;
				CLANG_WARN_BLOCK_CAPTURE_AUTORELEASING = YES;
				CLANG_WARN_BOOL_CONVERSION = YES;
				CLANG_WARN_COMMA = YES;
				CLANG_WARN_CONSTANT_CONVERSION = YES;
				CLANG_WARN_DEPRECATED_OBJC_IMPLEMENTATIONS = YES;
				CLANG_WARN_DIRECT_OBJC_ISA_USAGE = YES_ERROR;
				CLANG_WARN_DOCUMENTATION_COMMENTS = YES;
				CLANG_WARN_EMPTY_BODY = YES;
				CLANG_WARN_ENUM_CONVERSION = YES;
				CLANG_WARN_INFINITE_RECURSION = YES;
				CLANG_WARN_INT_CONVERSION = YES;
				CLANG_WARN_NON_LITERAL_NULL_CONVERSION = YES;
				CLANG_WARN_OBJC_IMPLICIT_RETAIN_SELF = YES;
				CLANG_WARN_OBJC_LITERAL_CONVERSION = YES;
				CLANG_WARN_OBJC_ROOT_CLASS = YES_ERROR;
				CLANG_WARN_QUOTED_INCLUDE_IN_FRAMEWORK_HEADER = YES;
				CLANG_WARN_RANGE_LOOP_ANALYSIS = YES;
				CLANG_WARN_STRICT_PROTOTYPES = YES;
				CLANG_WARN_SUSPICIOUS_MOVE = YES;
				CLANG_WARN_UNGUARDED_AVAILABILITY = YES_AGGRESSIVE;
				CLANG_WARN_UNREACHABLE_CODE = YES;
				CLANG_WARN__DUPLICATE_METHOD_MATCH = YES;
				COPY_PHASE_STRIP = NO;
				DEBUG_INFORMATION_FORMAT = "dwarf-with-dsym";
				ENABLE_NS_ASSERTIONS = NO;
				ENABLE_STRICT_OBJC_MSGSEND = YES;
				ENABLE_USER_SCRIPT_SANDBOXING = YES;
				GCC_C_LANGUAGE_STANDARD = gnu17;
				GCC_NO_COMMON_BLOCKS = YES;
				GCC_WARN_64_TO_32_BIT_CONVERSION = YES;
				GCC_WARN_ABOUT_RETURN_TYPE = YES_ERROR;
				GCC_WARN_UNDECLARED_SELECTOR = YES;
				GCC_WARN_UNINITIALIZED_AUTOS = YES_AGGRESSIVE;
				GCC_WARN_UNUSED_FUNCTION = YES;
				GCC_WARN_UNUSED_VARIABLE = YES;
				IPHONEOS_DEPLOYMENT_TARGET = 17.4;
				LOCALIZATION_PREFERS_STRING_CATALOGS = YES;
				MTL_ENABLE_DEBUG_INFO = NO;
				MTL_FAST_MATH = YES;
				SDKROOT = iphoneos;
				SWIFT_COMPILATION_MODE = wholemodule;
				VALIDATE_PRODUCT = YES;
			};
			name = Release;
		};
		B21BEFBF2E4380EB00EDBF92 /* Debug */ = {
			isa = XCBuildConfiguration;
			buildSettings = {
				ASSETCATALOG_COMPILER_APPICON_NAME = AppIcon;
				ASSETCATALOG_COMPILER_GLOBAL_ACCENT_COLOR_NAME = AccentColor;
				CODE_SIGN_STYLE = Automatic;
				CURRENT_PROJECT_VERSION = 1;
				DEVELOPMENT_TEAM = 36SL876MN9;
				GENERATE_INFOPLIST_FILE = YES;
				INFOPLIST_FILE = FlashArb/Info.plist;
				INFOPLIST_KEY_UIApplicationSupportsIndirectInputEvents = YES;
				INFOPLIST_KEY_UILaunchStoryboardName = LaunchScreen;
				INFOPLIST_KEY_UIMainStoryboardFile = Main;
				INFOPLIST_KEY_UISupportedInterfaceOrientations_iPad = "UIInterfaceOrientationPortrait UIInterfaceOrientationPortraitUpsideDown UIInterfaceOrientationLandscapeLeft UIInterfaceOrientationLandscapeRight";
				INFOPLIST_KEY_UISupportedInterfaceOrientations_iPhone = "UIInterfaceOrientationPortrait UIInterfaceOrientationLandscapeLeft UIInterfaceOrientationLandscapeRight";
				IPHONEOS_DEPLOYMENT_TARGET = 15.0;
				LD_RUNPATH_SEARCH_PATHS = (
					"$(inherited)",
					"@executable_path/Frameworks",
				);
				MARKETING_VERSION = 1.0;
				PRODUCT_BUNDLE_IDENTIFIER = com.fritz.FlashArb;
				PRODUCT_NAME = "$(TARGET_NAME)";
				SWIFT_EMIT_LOC_STRINGS = YES;
				SWIFT_VERSION = 5.0;
				TARGETED_DEVICE_FAMILY = "1,2";
			};
			name = Debug;
		};
		B21BEFC02E4380EB00EDBF92 /* Release */ = {
			isa = XCBuildConfiguration;
			buildSettings = {
				ASSETCATALOG_COMPILER_APPICON_NAME = AppIcon;
				ASSETCATALOG_COMPILER_GLOBAL_ACCENT_COLOR_NAME = AccentColor;
				CODE_SIGN_STYLE = Automatic;
				CURRENT_PROJECT_VERSION = 1;
				DEVELOPMENT_TEAM = 36SL876MN9;
				GENERATE_INFOPLIST_FILE = YES;
				INFOPLIST_FILE = FlashArb/Info.plist;
				INFOPLIST_KEY_UIApplicationSupportsIndirectInputEvents = YES;
				INFOPLIST_KEY_UILaunchStoryboardName = LaunchScreen;
				INFOPLIST_KEY_UIMainStoryboardFile = Main;
				INFOPLIST_KEY_UISupportedInterfaceOrientations_iPad = "UIInterfaceOrientationPortrait UIInterfaceOrientationPortraitUpsideDown UIInterfaceOrientationLandscapeLeft UIInterfaceOrientationLandscapeRight";
				INFOPLIST_KEY_UISupportedInterfaceOrientations_iPhone = "UIInterfaceOrientationPortrait UIInterfaceOrientationLandscapeLeft UIInterfaceOrientationLandscapeRight";
				IPHONEOS_DEPLOYMENT_TARGET = 15.0;
				LD_RUNPATH_SEARCH_PATHS = (
					"$(inherited)",
					"@executable_path/Frameworks",
				);
				MARKETING_VERSION = 1.0;
				PRODUCT_BUNDLE_IDENTIFIER = com.fritz.FlashArb;
				PRODUCT_NAME = "$(TARGET_NAME)";
				SWIFT_EMIT_LOC_STRINGS = YES;
				SWIFT_VERSION = 5.0;
				TARGETED_DEVICE_FAMILY = "1,2";
			};
			name = Release;
		};
/* End XCBuildConfiguration section */

/* Begin XCConfigurationList section */
		B21BEFA52E4380E900EDBF92 /* Build configuration list for PBXProject "FlashArb" */ = {
			isa = XCConfigurationList;
			buildConfigurations = (
				B21BEFBC2E4380EB00EDBF92 /* Debug */,
				B21BEFBD2E4380EB00EDBF92 /* Release */,
			);
			defaultConfigurationIsVisible = 0;
			defaultConfigurationName = Release;
		};
		B21BEFBE2E4380EB00EDBF92 /* Build configuration list for PBXNativeTarget "FlashArb" */ = {
			isa = XCConfigurationList;
			buildConfigurations = (
				B21BEFBF2E4380EB00EDBF92 /* Debug */,
				B21BEFC02E4380EB00EDBF92 /* Release */,
			);
			defaultConfigurationIsVisible = 0;
			defaultConfigurationName = Release;
		};
/* End XCConfigurationList section */
	};
	rootObject = B21BEFA22E4380E900EDBF92 /* Project object */;
}
