// !$*UTF8*$!
{
	archiveVersion = 1;
	classes = {
	};
	objectVersion = 56;
	objects = {

/* Begin PBXBuildFile section */
		B264EF502E5AA6CC003DC096 /* ArbOpportunity.swift in Sources */ = {isa = PBXBuildFile; fileRef = B264EF4E2E5AA6CC003DC096 /* ArbOpportunity.swift */; };
		B264EF662E5AA6EE003DC096 /* AlertManager.swift in Sources */ = {isa = PBXBuildFile; fileRef = B264EF512E5AA6EE003DC096 /* AlertManager.swift */; };
		B264EF672E5AA6EE003DC096 /* RiskCalculator.swift in Sources */ = {isa = PBXBuildFile; fileRef = B264EF532E5AA6EE003DC096 /* RiskCalculator.swift */; };
		B264EF682E5AA6EE003DC096 /* PerformanceDashboard.swift in Sources */ = {isa = PBXBuildFile; fileRef = B264EF552E5AA6EE003DC096 /* PerformanceDashboard.swift */; };
		B264EF692E5AA6EE003DC096 /* PaywallView.swift in Sources */ = {isa = PBXBuildFile; fileRef = B264EF572E5AA6EE003DC096 /* PaywallView.swift */; };
		B264EF6A2E5AA6EE003DC096 /* ReceiptValidator.swift in Sources */ = {isa = PBXBuildFile; fileRef = B264EF582E5AA6EE003DC096 /* ReceiptValidator.swift */; };
		B264EF6B2E5AA6EE003DC096 /* SubscriptionManager.swift in Sources */ = {isa = PBXBuildFile; fileRef = B264EF592E5AA6EE003DC096 /* SubscriptionManager.swift */; };
		B264EF6C2E5AA6EE003DC096 /* BinanceAdapter.swift in Sources */ = {isa = PBXBuildFile; fileRef = B264EF5B2E5AA6EE003DC096 /* BinanceAdapter.swift */; };
		B264EF6D2E5AA6EE003DC096 /* CoinbaseAdapter.swift in Sources */ = {isa = PBXBuildFile; fileRef = B264EF5C2E5AA6EE003DC096 /* CoinbaseAdapter.swift */; };
		B264EF6E2E5AA6EE003DC096 /* ExchangeAdapter.swift in Sources */ = {isa = PBXBuildFile; fileRef = B264EF5D2E5AA6EE003DC096 /* ExchangeAdapter.swift */; };
		B264EF6F2E5AA6EE003DC096 /* ExchangeAPIClient.swift in Sources */ = {isa = PBXBuildFile; fileRef = B264EF5E2E5AA6EE003DC096 /* ExchangeAPIClient.swift */; };
		B264EF702E5AA6EE003DC096 /* SettingsView.swift in Sources */ = {isa = PBXBuildFile; fileRef = B264EF602E5AA6EE003DC096 /* SettingsView.swift */; };
		B264EF712E5AA6EE003DC096 /* DashboardView.swift in Sources */ = {isa = PBXBuildFile; fileRef = B264EF622E5AA6EE003DC096 /* DashboardView.swift */; };
		B264EF742E5AA73F003DC096 /* ArbDetector.swift in Sources */ = {isa = PBXBuildFile; fileRef = B264EF722E5AA73F003DC096 /* ArbDetector.swift */; };
		B264EF992E5AA75C003DC096 /* Portfolio.swift in Sources */ = {isa = PBXBuildFile; fileRef = B264EF752E5AA75B003DC096 /* Portfolio.swift */; };
		B264EF9B2E5AA75C003DC096 /* ArbitrageService.swift in Sources */ = {isa = PBXBuildFile; fileRef = B264EF7A2E5AA75B003DC096 /* ArbitrageService.swift */; };
		B264EFA92E5AA75C003DC096 /* FlashArbApp.swift in Sources */ = {isa = PBXBuildFile; fileRef = B264EF922E5AA75B003DC096 /* FlashArbApp.swift */; };
		B264EFAA2E5AA75C003DC096 /* ArbitrageOpportunity.swift in Sources */ = {isa = PBXBuildFile; fileRef = B264EF982E5AA75C003DC096 /* ArbitrageOpportunity.swift */; };
/* End PBXBuildFile section */

/* Begin PBXFileReference section */
		B21BEFAA2E4380E900EDBF92 /* FlashArb.app */ = {isa = PBXFileReference; explicitFileType = wrapper.application; includeInIndex = 0; path = FlashArb.app; sourceTree = BUILT_PRODUCTS_DIR; };
		B264EF4E2E5AA6CC003DC096 /* ArbOpportunity.swift */ = {isa = PBXFileReference; fileEncoding = 4; lastKnownFileType = sourcecode.swift; path = ArbOpportunity.swift; sourceTree = "<group>"; };
		B264EF512E5AA6EE003DC096 /* AlertManager.swift */ = {isa = PBXFileReference; fileEncoding = 4; lastKnownFileType = sourcecode.swift; path = AlertManager.swift; sourceTree = "<group>"; };
		B264EF532E5AA6EE003DC096 /* RiskCalculator.swift */ = {isa = PBXFileReference; fileEncoding = 4; lastKnownFileType = sourcecode.swift; path = RiskCalculator.swift; sourceTree = "<group>"; };
		B264EF552E5AA6EE003DC096 /* PerformanceDashboard.swift */ = {isa = PBXFileReference; fileEncoding = 4; lastKnownFileType = sourcecode.swift; path = PerformanceDashboard.swift; sourceTree = "<group>"; };
		B264EF572E5AA6EE003DC096 /* PaywallView.swift */ = {isa = PBXFileReference; fileEncoding = 4; lastKnownFileType = sourcecode.swift; path = PaywallView.swift; sourceTree = "<group>"; };
		B264EF582E5AA6EE003DC096 /* ReceiptValidator.swift */ = {isa = PBXFileReference; fileEncoding = 4; lastKnownFileType = sourcecode.swift; path = ReceiptValidator.swift; sourceTree = "<group>"; };
		B264EF592E5AA6EE003DC096 /* SubscriptionManager.swift */ = {isa = PBXFileReference; fileEncoding = 4; lastKnownFileType = sourcecode.swift; path = SubscriptionManager.swift; sourceTree = "<group>"; };
		B264EF5B2E5AA6EE003DC096 /* BinanceAdapter.swift */ = {isa = PBXFileReference; fileEncoding = 4; lastKnownFileType = sourcecode.swift; path = BinanceAdapter.swift; sourceTree = "<group>"; };
		B264EF5C2E5AA6EE003DC096 /* CoinbaseAdapter.swift */ = {isa = PBXFileReference; fileEncoding = 4; lastKnownFileType = sourcecode.swift; path = CoinbaseAdapter.swift; sourceTree = "<group>"; };
		B264EF5D2E5AA6EE003DC096 /* ExchangeAdapter.swift */ = {isa = PBXFileReference; fileEncoding = 4; lastKnownFileType = sourcecode.swift; path = ExchangeAdapter.swift; sourceTree = "<group>"; };
		B264EF5E2E5AA6EE003DC096 /* ExchangeAPIClient.swift */ = {isa = PBXFileReference; fileEncoding = 4; lastKnownFileType = sourcecode.swift; path = ExchangeAPIClient.swift; sourceTree = "<group>"; };
		B264EF602E5AA6EE003DC096 /* SettingsView.swift */ = {isa = PBXFileReference; fileEncoding = 4; lastKnownFileType = sourcecode.swift; path = SettingsView.swift; sourceTree = "<group>"; };
		B264EF622E5AA6EE003DC096 /* DashboardView.swift */ = {isa = PBXFileReference; fileEncoding = 4; lastKnownFileType = sourcecode.swift; path = DashboardView.swift; sourceTree = "<group>"; };
		B264EF722E5AA73F003DC096 /* ArbDetector.swift */ = {isa = PBXFileReference; fileEncoding = 4; lastKnownFileType = sourcecode.swift; path = ArbDetector.swift; sourceTree = "<group>"; };
		B264EF752E5AA75B003DC096 /* Portfolio.swift */ = {isa = PBXFileReference; fileEncoding = 4; lastKnownFileType = sourcecode.swift; path = Portfolio.swift; sourceTree = "<group>"; };
		B264EF782E5AA75B003DC096 /* README.md */ = {isa = PBXFileReference; fileEncoding = 4; lastKnownFileType = net.daringfireball.markdown; path = README.md; sourceTree = "<group>"; };
		B264EF792E5AA75B003DC096 /* Info.plist */ = {isa = PBXFileReference; fileEncoding = 4; lastKnownFileType = text.plist.xml; path = Info.plist; sourceTree = "<group>"; };
		B264EF7A2E5AA75B003DC096 /* ArbitrageService.swift */ = {isa = PBXFileReference; fileEncoding = 4; lastKnownFileType = sourcecode.swift; path = ArbitrageService.swift; sourceTree = "<group>"; };
		B264EF922E5AA75B003DC096 /* FlashArbApp.swift */ = {isa = PBXFileReference; fileEncoding = 4; lastKnownFileType = sourcecode.swift; path = FlashArbApp.swift; sourceTree = "<group>"; };
		B264EF932E5AA75B003DC096 /* project.xcworkspace */ = {isa = PBXFileReference; lastKnownFileType = wrapper.workspace; path = project.xcworkspace; sourceTree = "<group>"; };
		B264EF942E5AA75B003DC096 /* xcschememanagement.plist */ = {isa = PBXFileReference; fileEncoding = 4; lastKnownFileType = text.plist.xml; path = xcschememanagement.plist; sourceTree = "<group>"; };
		B264EF982E5AA75C003DC096 /* ArbitrageOpportunity.swift */ = {isa = PBXFileReference; fileEncoding = 4; lastKnownFileType = sourcecode.swift; path = ArbitrageOpportunity.swift; sourceTree = "<group>"; };
/* End PBXFileReference section */

/* Begin PBXFrameworksBuildPhase section */
		B21BEFA72E4380E900EDBF92 /* Frameworks */ = {
			isa = PBXFrameworksBuildPhase;
			buildActionMask = 2147483647;
			files = (
			);
			runOnlyForDeploymentPostprocessing = 0;
		};
/* End PBXFrameworksBuildPhase section */

/* Begin PBXGroup section */
		B21BEFA12E4380E900EDBF92 = {
			isa = PBXGroup;
			children = (
				B264EF932E5AA75B003DC096 /* project.xcworkspace */,
				B264EF782E5AA75B003DC096 /* README.md */,
				B264EF732E5AA73F003DC096 /* Services */,
				B264EF652E5AA6EE003DC096 /* Sources */,
				B264EF4F2E5AA6CC003DC096 /* Models */,
				B264EF982E5AA75C003DC096 /* ArbitrageOpportunity.swift */,
				B264EF7A2E5AA75B003DC096 /* ArbitrageService.swift */,
				B264EF922E5AA75B003DC096 /* FlashArbApp.swift */,
				B264EF792E5AA75B003DC096 /* Info.plist */,
				B264EF752E5AA75B003DC096 /* Portfolio.swift */,
				B264EF962E5AA75B003DC096 /* space.xcuserdatad */,
				B264EF972E5AA75B003DC096 /* xcuserdata */,
				B21BEFAB2E4380E900EDBF92 /* Products */,
			);
			sourceTree = "<group>";
		};
		B21BEFAB2E4380E900EDBF92 /* Products */ = {
			isa = PBXGroup;
			children = (
				B21BEFAA2E4380E900EDBF92 /* FlashArb.app */,
			);
			name = Products;
			sourceTree = "<group>";
		};
		B264EF4F2E5AA6CC003DC096 /* Models */ = {
			isa = PBXGroup;
			children = (
				B264EF4E2E5AA6CC003DC096 /* ArbOpportunity.swift */,
			);
			path = Models;
			sourceTree = "<group>";
		};
		B264EF522E5AA6EE003DC096 /* Alerts */ = {
			isa = PBXGroup;
			children = (
				B264EF512E5AA6EE003DC096 /* AlertManager.swift */,
			);
			path = Alerts;
			sourceTree = "<group>";
		};
		B264EF542E5AA6EE003DC096 /* Analytics */ = {
			isa = PBXGroup;
			children = (
				B264EF532E5AA6EE003DC096 /* RiskCalculator.swift */,
			);
			path = Analytics;
			sourceTree = "<group>";
		};
		B264EF562E5AA6EE003DC096 /* Dashboard */ = {
			isa = PBXGroup;
			children = (
				B264EF552E5AA6EE003DC096 /* PerformanceDashboard.swift */,
			);
			path = Dashboard;
			sourceTree = "<group>";
		};
		B264EF5A2E5AA6EE003DC096 /* Monetization */ = {
			isa = PBXGroup;
			children = (
				B264EF572E5AA6EE003DC096 /* PaywallView.swift */,
				B264EF582E5AA6EE003DC096 /* ReceiptValidator.swift */,
				B264EF592E5AA6EE003DC096 /* SubscriptionManager.swift */,
			);
			path = Monetization;
			sourceTree = "<group>";
		};
		B264EF5F2E5AA6EE003DC096 /* Networking */ = {
			isa = PBXGroup;
			children = (
				B264EF5B2E5AA6EE003DC096 /* BinanceAdapter.swift */,
				B264EF5C2E5AA6EE003DC096 /* CoinbaseAdapter.swift */,
				B264EF5D2E5AA6EE003DC096 /* ExchangeAdapter.swift */,
				B264EF5E2E5AA6EE003DC096 /* ExchangeAPIClient.swift */,
			);
			path = Networking;
			sourceTree = "<group>";
		};
		B264EF612E5AA6EE003DC096 /* Settings */ = {
			isa = PBXGroup;
			children = (
				B264EF602E5AA6EE003DC096 /* SettingsView.swift */,
			);
			path = Settings;
			sourceTree = "<group>";
		};
		B264EF632E5AA6EE003DC096 /* Dashboard */ = {
			isa = PBXGroup;
			children = (
				B264EF622E5AA6EE003DC096 /* DashboardView.swift */,
			);
			path = Dashboard;
			sourceTree = "<group>";
		};
		B264EF642E5AA6EE003DC096 /* UI */ = {
			isa = PBXGroup;
			children = (
				B264EF632E5AA6EE003DC096 /* Dashboard */,
			);
			path = UI;
			sourceTree = "<group>";
		};
		B264EF652E5AA6EE003DC096 /* Sources */ = {
			isa = PBXGroup;
			children = (
				B264EF522E5AA6EE003DC096 /* Alerts */,
				B264EF542E5AA6EE003DC096 /* Analytics */,
				B264EF562E5AA6EE003DC096 /* Dashboard */,
				B264EF5A2E5AA6EE003DC096 /* Monetization */,
				B264EF5F2E5AA6EE003DC096 /* Networking */,
				B264EF612E5AA6EE003DC096 /* Settings */,
				B264EF642E5AA6EE003DC096 /* UI */,
			);
			path = Sources;
			sourceTree = "<group>";
		};
		B264EF732E5AA73F003DC096 /* Services */ = {
			isa = PBXGroup;
			children = (
				B264EF722E5AA73F003DC096 /* ArbDetector.swift */,
			);
			path = Services;
			sourceTree = "<group>";
		};
		B264EF952E5AA75B003DC096 /* xcschemes */ = {
			isa = PBXGroup;
			children = (
				B264EF942E5AA75B003DC096 /* xcschememanagement.plist */,
			);
			path = xcschemes;
			sourceTree = "<group>";
		};
		B264EF962E5AA75B003DC096 /* space.xcuserdatad */ = {
			isa = PBXGroup;
			children = (
				B264EF952E5AA75B003DC096 /* xcschemes */,
			);
			path = space.xcuserdatad;
			sourceTree = "<group>";
		};
		B264EF972E5AA75B003DC096 /* xcuserdata */ = {
			isa = PBXGroup;
			children = (
			);
			path = xcuserdata;
			sourceTree = "<group>";
		};
/* End PBXGroup section */

/* Begin PBXNativeTarget section */
		B21BEFA92E4380E900EDBF92 /* FlashArb */ = {
			isa = PBXNativeTarget;
			buildConfigurationList = B21BEFBE2E4380EB00EDBF92 /* Build configuration list for PBXNativeTarget "FlashArb" */;
			buildPhases = (
				B21BEFA62E4380E900EDBF92 /* Sources */,
				B21BEFA72E4380E900EDBF92 /* Frameworks */,
			);
			buildRules = (
			);
			dependencies = (
			);
			name = FlashArb;
			productName = FlashArb;
			productReference = B21BEFAA2E4380E900EDBF92 /* FlashArb.app */;
			productType = "com.apple.product-type.application";
		};
/* End PBXNativeTarget section */

/* Begin PBXProject section */
		B21BEFA22E4380E900EDBF92 /* Project object */ = {
			isa = PBXProject;
			attributes = {
				BuildIndependentTargetsInParallel = 1;
				LastSwiftUpdateCheck = 1530;
				LastUpgradeCheck = 1530;
				TargetAttributes = {
					B21BEFA92E4380E900EDBF92 = {
						CreatedOnToolsVersion = 15.3;
					};
				};
			};
			buildConfigurationList = B21BEFA52E4380E900EDBF92 /* Build configuration list for PBXProject "FlashArb" */;
			compatibilityVersion = "Xcode 14.0";
			developmentRegion = en;
			hasScannedForEncodings = 0;
			knownRegions = (
				en,
				Base,
			);
			mainGroup = B21BEFA12E4380E900EDBF92;
			productRefGroup = B21BEFAB2E4380E900EDBF92 /* Products */;
			projectDirPath = "";
			projectRoot = "";
			targets = (
				B21BEFA92E4380E900EDBF92 /* FlashArb */,
			);
		};
/* End PBXProject section */

/* Begin PBXSourcesBuildPhase section */
		B21BEFA62E4380E900EDBF92 /* Sources */ = {
			isa = PBXSourcesBuildPhase;
			buildActionMask = 2147483647;
			files = (
				B264EF692E5AA6EE003DC096 /* PaywallView.swift in Sources */,
				B264EF6B2E5AA6EE003DC096 /* SubscriptionManager.swift in Sources */,
				B264EFAA2E5AA75C003DC096 /* ArbitrageOpportunity.swift in Sources */,
				B264EF6F2E5AA6EE003DC096 /* ExchangeAPIClient.swift in Sources */,
				B264EF672E5AA6EE003DC096 /* RiskCalculator.swift in Sources */,
				B264EF6D2E5AA6EE003DC096 /* CoinbaseAdapter.swift in Sources */,
				B264EF712E5AA6EE003DC096 /* DashboardView.swift in Sources */,
				B264EF702E5AA6EE003DC096 /* SettingsView.swift in Sources */,
				B264EF6C2E5AA6EE003DC096 /* BinanceAdapter.swift in Sources */,
				B264EF6E2E5AA6EE003DC096 /* ExchangeAdapter.swift in Sources */,
				B264EF992E5AA75C003DC096 /* Portfolio.swift in Sources */,
				B264EF742E5AA73F003DC096 /* ArbDetector.swift in Sources */,
				B264EF6A2E5AA6EE003DC096 /* ReceiptValidator.swift in Sources */,
				B264EFA92E5AA75C003DC096 /* FlashArbApp.swift in Sources */,
				B264EF662E5AA6EE003DC096 /* AlertManager.swift in Sources */,
				B264EF502E5AA6CC003DC096 /* ArbOpportunity.swift in Sources */,
				B264EF9B2E5AA75C003DC096 /* ArbitrageService.swift in Sources */,
				B264EF682E5AA6EE003DC096 /* PerformanceDashboard.swift in Sources */,
			);
			runOnlyForDeploymentPostprocessing = 0;
		};
/* End PBXSourcesBuildPhase section */

/* Begin XCBuildConfiguration section */
		B21BEFBC2E4380EB00EDBF92 /* Debug */ = {
			isa = XCBuildConfiguration;
			buildSettings = {
				ALWAYS_SEARCH_USER_PATHS = NO;
				ASSETCATALOG_COMPILER_GENERATE_SWIFT_ASSET_SYMBOL_EXTENSIONS = YES;
				CLANG_ANALYZER_NONNULL = YES;
				CLANG_ANALYZER_NUMBER_OBJECT_CONVERSION = YES_AGGRESSIVE;
				CLANG_CXX_LANGUAGE_STANDARD = "gnu++20";
				CLANG_ENABLE_MODULES = YES;
				CLANG_ENABLE_OBJC_ARC = YES;
				CLANG_ENABLE_OBJC_WEAK = YES;
				CLANG_WARN_BLOCK_CAPTURE_AUTORELEASING = YES;
				CLANG_WARN_BOOL_CONVERSION = YES;
				CLANG_WARN_COMMA = YES;
				CLANG_WARN_CONSTANT_CONVERSION = YES;
				CLANG_WARN_DEPRECATED_OBJC_IMPLEMENTATIONS = YES;
				CLANG_WARN_DIRECT_OBJC_ISA_USAGE = YES_ERROR;
				CLANG_WARN_DOCUMENTATION_COMMENTS = YES;
				CLANG_WARN_EMPTY_BODY = YES;
				CLANG_WARN_ENUM_CONVERSION = YES;
				CLANG_WARN_INFINITE_RECURSION = YES;
				CLANG_WARN_INT_CONVERSION = YES;
				CLANG_WARN_NON_LITERAL_NULL_CONVERSION = YES;
				CLANG_WARN_OBJC_IMPLICIT_RETAIN_SELF = YES;
				CLANG_WARN_OBJC_LITERAL_CONVERSION = YES;
				CLANG_WARN_OBJC_ROOT_CLASS = YES_ERROR;
				CLANG_WARN_QUOTED_INCLUDE_IN_FRAMEWORK_HEADER = YES;
				CLANG_WARN_RANGE_LOOP_ANALYSIS = YES;
				CLANG_WARN_STRICT_PROTOTYPES = YES;
				CLANG_WARN_SUSPICIOUS_MOVE = YES;
				CLANG_WARN_UNGUARDED_AVAILABILITY = YES_AGGRESSIVE;
				CLANG_WARN_UNREACHABLE_CODE = YES;
				CLANG_WARN__DUPLICATE_METHOD_MATCH = YES;
				COPY_PHASE_STRIP = NO;
				DEBUG_INFORMATION_FORMAT = dwarf;
				ENABLE_STRICT_OBJC_MSGSEND = YES;
				ENABLE_TESTABILITY = YES;
				ENABLE_USER_SCRIPT_SANDBOXING = YES;
				GCC_C_LANGUAGE_STANDARD = gnu17;
				GCC_DYNAMIC_NO_PIC = NO;
				GCC_NO_COMMON_BLOCKS = YES;
				GCC_OPTIMIZATION_LEVEL = 0;
				GCC_PREPROCESSOR_DEFINITIONS = (
					"DEBUG=1",
					"$(inherited)",
				);
				GCC_WARN_64_TO_32_BIT_CONVERSION = YES;
				GCC_WARN_ABOUT_RETURN_TYPE = YES_ERROR;
				GCC_WARN_UNDECLARED_SELECTOR = YES;
				GCC_WARN_UNINITIALIZED_AUTOS = YES_AGGRESSIVE;
				GCC_WARN_UNUSED_FUNCTION = YES;
				GCC_WARN_UNUSED_VARIABLE = YES;
				IPHONEOS_DEPLOYMENT_TARGET = 17.4;
				LOCALIZATION_PREFERS_STRING_CATALOGS = YES;
				MTL_ENABLE_DEBUG_INFO = INCLUDE_SOURCE;
				MTL_FAST_MATH = YES;
				ONLY_ACTIVE_ARCH = YES;
				SDKROOT = iphoneos;
				SWIFT_ACTIVE_COMPILATION_CONDITIONS = "DEBUG $(inherited)";
				SWIFT_OPTIMIZATION_LEVEL = "-Onone";
			};
			name = Debug;
		};
		B21BEFBD2E4380EB00EDBF92 /* Release */ = {
			isa = XCBuildConfiguration;
			buildSettings = {
				ALWAYS_SEARCH_USER_PATHS = NO;
				ASSETCATALOG_COMPILER_GENERATE_SWIFT_ASSET_SYMBOL_EXTENSIONS = YES;
				CLANG_ANALYZER_NONNULL = YES;
				CLANG_ANALYZER_NUMBER_OBJECT_CONVERSION = YES_AGGRESSIVE;
				CLANG_CXX_LANGUAGE_STANDARD = "gnu++20";
				CLANG_ENABLE_MODULES = YES;
				CLANG_ENABLE_OBJC_ARC = YES;
				CLANG_ENABLE_OBJC_WEAK = YES;
				CLANG_WARN_BLOCK_CAPTURE_AUTORELEASING = YES;
				CLANG_WARN_BOOL_CONVERSION = YES;
				CLANG_WARN_COMMA = YES;
				CLANG_WARN_CONSTANT_CONVERSION = YES;
				CLANG_WARN_DEPRECATED_OBJC_IMPLEMENTATIONS = YES;
				CLANG_WARN_DIRECT_OBJC_ISA_USAGE = YES_ERROR;
				CLANG_WARN_DOCUMENTATION_COMMENTS = YES;
				CLANG_WARN_EMPTY_BODY = YES;
				CLANG_WARN_ENUM_CONVERSION = YES;
				CLANG_WARN_INFINITE_RECURSION = YES;
				CLANG_WARN_INT_CONVERSION = YES;
				CLANG_WARN_NON_LITERAL_NULL_CONVERSION = YES;
				CLANG_WARN_OBJC_IMPLICIT_RETAIN_SELF = YES;
				CLANG_WARN_OBJC_LITERAL_CONVERSION = YES;
				CLANG_WARN_OBJC_ROOT_CLASS = YES_ERROR;
				CLANG_WARN_QUOTED_INCLUDE_IN_FRAMEWORK_HEADER = YES;
				CLANG_WARN_RANGE_LOOP_ANALYSIS = YES;
				CLANG_WARN_STRICT_PROTOTYPES = YES;
				CLANG_WARN_SUSPICIOUS_MOVE = YES;
				CLANG_WARN_UNGUARDED_AVAILABILITY = YES_AGGRESSIVE;
				CLANG_WARN_UNREACHABLE_CODE = YES;
				CLANG_WARN__DUPLICATE_METHOD_MATCH = YES;
				COPY_PHASE_STRIP = NO;
				DEBUG_INFORMATION_FORMAT = "dwarf-with-dsym";
				ENABLE_NS_ASSERTIONS = NO;
				ENABLE_STRICT_OBJC_MSGSEND = YES;
				ENABLE_USER_SCRIPT_SANDBOXING = YES;
				GCC_C_LANGUAGE_STANDARD = gnu17;
				GCC_NO_COMMON_BLOCKS = YES;
				GCC_WARN_64_TO_32_BIT_CONVERSION = YES;
				GCC_WARN_ABOUT_RETURN_TYPE = YES_ERROR;
				GCC_WARN_UNDECLARED_SELECTOR = YES;
				GCC_WARN_UNINITIALIZED_AUTOS = YES_AGGRESSIVE;
				GCC_WARN_UNUSED_FUNCTION = YES;
				GCC_WARN_UNUSED_VARIABLE = YES;
				IPHONEOS_DEPLOYMENT_TARGET = 17.4;
				LOCALIZATION_PREFERS_STRING_CATALOGS = YES;
				MTL_ENABLE_DEBUG_INFO = NO;
				MTL_FAST_MATH = YES;
				SDKROOT = iphoneos;
				SWIFT_COMPILATION_MODE = wholemodule;
				VALIDATE_PRODUCT = YES;
			};
			name = Release;
		};
		B21BEFBF2E4380EB00EDBF92 /* Debug */ = {
			isa = XCBuildConfiguration;
			buildSettings = {
				ASSETCATALOG_COMPILER_APPICON_NAME = AppIcon;
				ASSETCATALOG_COMPILER_GLOBAL_ACCENT_COLOR_NAME = AccentColor;
				CODE_SIGN_STYLE = Automatic;
				CURRENT_PROJECT_VERSION = 1;
				DEVELOPMENT_TEAM = CCK3M3DML9;
				INFOPLIST_FILE = Info.plist;
				INFOPLIST_KEY_UIApplicationSupportsIndirectInputEvents = YES;
				INFOPLIST_KEY_UISupportedInterfaceOrientations_iPad = "UIInterfaceOrientationPortrait UIInterfaceOrientationPortraitUpsideDown UIInterfaceOrientationLandscapeLeft UIInterfaceOrientationLandscapeRight";
				INFOPLIST_KEY_UISupportedInterfaceOrientations_iPhone = "UIInterfaceOrientationPortrait UIInterfaceOrientationLandscapeLeft UIInterfaceOrientationLandscapeRight";
				IPHONEOS_DEPLOYMENT_TARGET = 15.0;
				LD_RUNPATH_SEARCH_PATHS = (
					"$(inherited)",
					"@executable_path/Frameworks",
				);
				MARKETING_VERSION = 1.0;
				PRODUCT_BUNDLE_IDENTIFIER = com.fritz.FlashArb;
				PRODUCT_NAME = "$(TARGET_NAME)";
				SWIFT_EMIT_LOC_STRINGS = YES;
				SWIFT_VERSION = 5.0;
				TARGETED_DEVICE_FAMILY = "1,2";
			};
			name = Debug;
		};
		B21BEFC02E4380EB00EDBF92 /* Release */ = {
			isa = XCBuildConfiguration;
			buildSettings = {
				ASSETCATALOG_COMPILER_APPICON_NAME = AppIcon;
				ASSETCATALOG_COMPILER_GLOBAL_ACCENT_COLOR_NAME = AccentColor;
				CODE_SIGN_STYLE = Automatic;
				CURRENT_PROJECT_VERSION = 1;
				DEVELOPMENT_TEAM = CCK3M3DML9;
				INFOPLIST_FILE = Info.plist;
				INFOPLIST_KEY_UIApplicationSupportsIndirectInputEvents = YES;
				INFOPLIST_KEY_UISupportedInterfaceOrientations_iPad = "UIInterfaceOrientationPortrait UIInterfaceOrientationPortraitUpsideDown UIInterfaceOrientationLandscapeLeft UIInterfaceOrientationLandscapeRight";
				INFOPLIST_KEY_UISupportedInterfaceOrientations_iPhone = "UIInterfaceOrientationPortrait UIInterfaceOrientationLandscapeLeft UIInterfaceOrientationLandscapeRight";
				IPHONEOS_DEPLOYMENT_TARGET = 15.0;
				LD_RUNPATH_SEARCH_PATHS = (
					"$(inherited)",
					"@executable_path/Frameworks",
				);
				MARKETING_VERSION = 1.0;
				PRODUCT_BUNDLE_IDENTIFIER = com.fritz.FlashArb;
				PRODUCT_NAME = "$(TARGET_NAME)";
				SWIFT_EMIT_LOC_STRINGS = YES;
				SWIFT_VERSION = 5.0;
				TARGETED_DEVICE_FAMILY = "1,2";
			};
			name = Release;
		};
/* End XCBuildConfiguration section */

/* Begin XCConfigurationList section */
		B21BEFA52E4380E900EDBF92 /* Build configuration list for PBXProject "FlashArb" */ = {
			isa = XCConfigurationList;
			buildConfigurations = (
				B21BEFBC2E4380EB00EDBF92 /* Debug */,
				B21BEFBD2E4380EB00EDBF92 /* Release */,
			);
			defaultConfigurationIsVisible = 0;
			defaultConfigurationName = Release;
		};
		B21BEFBE2E4380EB00EDBF92 /* Build configuration list for PBXNativeTarget "FlashArb" */ = {
			isa = XCConfigurationList;
			buildConfigurations = (
				B21BEFBF2E4380EB00EDBF92 /* Debug */,
				B21BEFC02E4380EB00EDBF92 /* Release */,
			);
			defaultConfigurationIsVisible = 0;
			defaultConfigurationName = Release;
		};
/* End XCConfigurationList section */
	};
	rootObject = B21BEFA22E4380E900EDBF92 /* Project object */;
}
