// !$*UTF8*$!
{
	archiveVersion = 1;
	classes = {
	};
	objectVersion = 56;
	objects = {

/* Begin PBXBuildFile section */
                B21BEFAE2E4380E900EDBF92 /* FlashArbApp.swift in Sources */ = {isa = PBXBuildFile; fileRef = B21BEFAD2E4380E900EDBF92 /* FlashArbApp.swift */; };
                B21BEFCD2E43814D00EDBF92 /* ExchangeAPIClient.swift in Sources */ = {isa = PBXBuildFile; fileRef = B21BEFC12E43814D00EDBF92 /* ExchangeAPIClient.swift */; };
                B21BEFCE2E43814D00EDBF92 /* ExchangeAdapter.swift in Sources */ = {isa = PBXBuildFile; fileRef = B21BEFC22E43814D00EDBF92 /* ExchangeAdapter.swift */; };
                B21BEFCF2E43814D00EDBF92 /* BinanceAdapter.swift in Sources */ = {isa = PBXBuildFile; fileRef = B21BEFC32E43814D00EDBF92 /* BinanceAdapter.swift */; };
                B21BEFD02E43814D00EDBF92 /* ArbitrageOpportunity.swift in Sources */ = {isa = PBXBuildFile; fileRef = B21BEFC42E43814D00EDBF92 /* ArbitrageOpportunity.swift */; };
                B21BEFD12E43814D00EDBF92 /* CoinbaseAdapter.swift in Sources */ = {isa = PBXBuildFile; fileRef = B21BEFC52E43814D00EDBF92 /* CoinbaseAdapter.swift */; };
                B21BEFD22E43814D00EDBF92 /* DashboardView.swift in Sources */ = {isa = PBXBuildFile; fileRef = B21BEFC62E43814D00EDBF92 /* DashboardView.swift */; };
                B21BEFD42E43814D00EDBF92 /* PerformanceDashboard.swift in Sources */ = {isa = PBXBuildFile; fileRef = B21BEFC72E43814D00EDBF92 /* PerformanceDashboard.swift */; };
                B21BEFD52E43814D00EDBF92 /* ArbitrageService.swift in Sources */ = {isa = PBXBuildFile; fileRef = B21BEFC92E43814D00EDBF92 /* ArbitrageService.swift */; };
                B21BEFD62E43814D00EDBF92 /* Portfolio.swift in Sources */ = {isa = PBXBuildFile; fileRef = B21BEFCA2E43814D00EDBF92 /* Portfolio.swift */; };
                B21BEFD72E43814D00EDBF92 /* SubscriptionManager.swift in Sources */ = {isa = PBXBuildFile; fileRef = B21BEFCB2E43814D00EDBF92 /* SubscriptionManager.swift */; };
                B21BEFD82E43814D00EDBF92 /* PaywallView.swift in Sources */ = {isa = PBXBuildFile; fileRef = B21BEFCC2E43814D00EDBF92 /* PaywallView.swift */; };
                B21BEFD92E4381D000EDBF92 /* Info.plist in Resources */ = {isa = PBXBuildFile; fileRef = B21BEFBB2E4380EB00EDBF92 /* Info.plist */; };
/* End PBXBuildFile section */

/* Begin PBXFileReference section */
		B21BEFAA2E4380E900EDBF92 /* FlashArb.app */ = {isa = PBXFileReference; explicitFileType = wrapper.application; includeInIndex = 0; path = FlashArb.app; sourceTree = BUILT_PRODUCTS_DIR; };
                B21BEFAD2E4380E900EDBF92 /* FlashArbApp.swift */ = {isa = PBXFileReference; lastKnownFileType = sourcecode.swift; path = FlashArbApp.swift; sourceTree = "<group>"; };
		B21BEFBB2E4380EB00EDBF92 /* Info.plist */ = {isa = PBXFileReference; lastKnownFileType = text.plist.xml; path = Info.plist; sourceTree = "<group>"; };
                B21BEFC12E43814D00EDBF92 /* ExchangeAPIClient.swift */ = {isa = PBXFileReference; fileEncoding = 4; lastKnownFileType = sourcecode.swift; path = Sources/Networking/ExchangeAPIClient.swift; sourceTree = "<group>"; };
                B21BEFC22E43814D00EDBF92 /* ExchangeAdapter.swift */ = {isa = PBXFileReference; fileEncoding = 4; lastKnownFileType = sourcecode.swift; path = Sources/Networking/ExchangeAdapter.swift; sourceTree = "<group>"; };
                B21BEFC32E43814D00EDBF92 /* BinanceAdapter.swift */ = {isa = PBXFileReference; fileEncoding = 4; lastKnownFileType = sourcecode.swift; path = Sources/Networking/BinanceAdapter.swift; sourceTree = "<group>"; };
		B21BEFC42E43814D00EDBF92 /* ArbitrageOpportunity.swift */ = {isa = PBXFileReference; fileEncoding = 4; lastKnownFileType = sourcecode.swift; path = ArbitrageOpportunity.swift; sourceTree = "<group>"; };
                B21BEFC52E43814D00EDBF92 /* CoinbaseAdapter.swift */ = {isa = PBXFileReference; fileEncoding = 4; lastKnownFileType = sourcecode.swift; path = Sources/Networking/CoinbaseAdapter.swift; sourceTree = "<group>"; };
                B21BEFC62E43814D00EDBF92 /* DashboardView.swift */ = {isa = PBXFileReference; fileEncoding = 4; lastKnownFileType = sourcecode.swift; path = Sources/UI/Dashboard/DashboardView.swift; sourceTree = "<group>"; };
                B21BEFC72E43814D00EDBF92 /* PerformanceDashboard.swift */ = {isa = PBXFileReference; fileEncoding = 4; lastKnownFileType = sourcecode.swift; path = Sources/Dashboard/PerformanceDashboard.swift; sourceTree = "<group>"; };
		B21BEFC92E43814D00EDBF92 /* ArbitrageService.swift */ = {isa = PBXFileReference; fileEncoding = 4; lastKnownFileType = sourcecode.swift; path = ArbitrageService.swift; sourceTree = "<group>"; };
		B21BEFCA2E43814D00EDBF92 /* Portfolio.swift */ = {isa = PBXFileReference; fileEncoding = 4; lastKnownFileType = sourcecode.swift; path = Portfolio.swift; sourceTree = "<group>"; };
                B21BEFCB2E43814D00EDBF92 /* SubscriptionManager.swift */ = {isa = PBXFileReference; fileEncoding = 4; lastKnownFileType = sourcecode.swift; path = Sources/Monetization/SubscriptionManager.swift; sourceTree = "<group>"; };
                B21BEFCC2E43814D00EDBF92 /* PaywallView.swift */ = {isa = PBXFileReference; fileEncoding = 4; lastKnownFileType = sourcecode.swift; path = Sources/Monetization/PaywallView.swift; sourceTree = "<group>"; };
/* End PBXFileReference section */

/* Begin PBXFrameworksBuildPhase section */
		B21BEFA72E4380E900EDBF92 /* Frameworks */ = {
			isa = PBXFrameworksBuildPhase;
			buildActionMask = 2147483647;
			files = (
			);
			runOnlyForDeploymentPostprocessing = 0;
		};
/* End PBXFrameworksBuildPhase section */

/* Begin PBXGroup section */
		B21BEFA12E4380E900EDBF92 = {
			isa = PBXGroup;
			children = (
				B21BEFAC2E4380E900EDBF92 /* FlashArb */,
				B21BEFAB2E4380E900EDBF92 /* Products */,
			);
			sourceTree = "<group>";
		};
		B21BEFAB2E4380E900EDBF92 /* Products */ = {
			isa = PBXGroup;
			children = (
				B21BEFAA2E4380E900EDBF92 /* FlashArb.app */,
			);
			name = Products;
			sourceTree = "<group>";
		};
                B21BEFAC2E4380E900EDBF92 /* FlashArb */ = {
                        isa = PBXGroup;
                        children = (
                                B21BEFAD2E4380E900EDBF92 /* FlashArbApp.swift */,
                                B21BEFC42E43814D00EDBF92 /* ArbitrageOpportunity.swift */,
                                B21BEFC92E43814D00EDBF92 /* ArbitrageService.swift */,
                                B21BEFCA2E43814D00EDBF92 /* Portfolio.swift */,
                                B21BEFC12E43814D00EDBF92 /* ExchangeAPIClient.swift */,
                                B21BEFC22E43814D00EDBF92 /* ExchangeAdapter.swift */,
                                B21BEFC32E43814D00EDBF92 /* BinanceAdapter.swift */,
                                B21BEFC52E43814D00EDBF92 /* CoinbaseAdapter.swift */,
                                B21BEFC62E43814D00EDBF92 /* DashboardView.swift */,
                                B21BEFC72E43814D00EDBF92 /* PerformanceDashboard.swift */,
                                B21BEFCB2E43814D00EDBF92 /* SubscriptionManager.swift */,
                                B21BEFCC2E43814D00EDBF92 /* PaywallView.swift */,
                                B21BEFBB2E4380EB00EDBF92 /* Info.plist */,
                        );
                        path = "";
                        sourceTree = "<group>";
                };
/* End PBXGroup section */

/* Begin PBXNativeTarget section */
		B21BEFA92E4380E900EDBF92 /* FlashArb */ = {
			isa = PBXNativeTarget;
			buildConfigurationList = B21BEFBE2E4380EB00EDBF92 /* Build configuration list for PBXNativeTarget "FlashArb" */;
			buildPhases = (
				B21BEFA62E4380E900EDBF92 /* Sources */,
				B21BEFA72E4380E900EDBF92 /* Frameworks */,
				B21BEFA82E4380E900EDBF92 /* Resources */,
			);
			buildRules = (
			);
			dependencies = (
			);
			name = FlashArb;
			productName = FlashArb;
			productReference = B21BEFAA2E4380E900EDBF92 /* FlashArb.app */;
			productType = "com.apple.product-type.application";
		};
/* End PBXNativeTarget section */

/* Begin PBXProject section */
		B21BEFA22E4380E900EDBF92 /* Project object */ = {
			isa = PBXProject;
			attributes = {
				BuildIndependentTargetsInParallel = 1;
				LastSwiftUpdateCheck = 1530;
				LastUpgradeCheck = 1530;
				TargetAttributes = {
					B21BEFA92E4380E900EDBF92 = {
						CreatedOnToolsVersion = 15.3;
					};
				};
			};
			buildConfigurationList = B21BEFA52E4380E900EDBF92 /* Build configuration list for PBXProject "FlashArb" */;
			compatibilityVersion = "Xcode 14.0";
			developmentRegion = en;
			hasScannedForEncodings = 0;
			knownRegions = (
				en,
				Base,
			);
			mainGroup = B21BEFA12E4380E900EDBF92;
			productRefGroup = B21BEFAB2E4380E900EDBF92 /* Products */;
			projectDirPath = "";
			projectRoot = "";
			targets = (
				B21BEFA92E4380E900EDBF92 /* FlashArb */,
			);
		};
/* End PBXProject section */

/* Begin PBXResourcesBuildPhase section */
		B21BEFA82E4380E900EDBF92 /* Resources */ = {
			isa = PBXResourcesBuildPhase;
			buildActionMask = 2147483647;
                        files = (
                                B21BEFD92E4381D000EDBF92 /* Info.plist in Resources */,
                        );
			runOnlyForDeploymentPostprocessing = 0;
		};
/* End PBXResourcesBuildPhase section */

/* Begin PBXSourcesBuildPhase section */
		B21BEFA62E4380E900EDBF92 /* Sources */ = {
			isa = PBXSourcesBuildPhase;
			buildActionMask = 2147483647;
                        files = (
                                B21BEFAE2E4380E900EDBF92 /* FlashArbApp.swift in Sources */,
                                B21BEFD02E43814D00EDBF92 /* ArbitrageOpportunity.swift in Sources */,
                                B21BEFD52E43814D00EDBF92 /* ArbitrageService.swift in Sources */,
                                B21BEFD62E43814D00EDBF92 /* Portfolio.swift in Sources */,
                                B21BEFCD2E43814D00EDBF92 /* ExchangeAPIClient.swift in Sources */,
                                B21BEFCE2E43814D00EDBF92 /* ExchangeAdapter.swift in Sources */,
                                B21BEFCF2E43814D00EDBF92 /* BinanceAdapter.swift in Sources */,
                                B21BEFD12E43814D00EDBF92 /* CoinbaseAdapter.swift in Sources */,
                                B21BEFD22E43814D00EDBF92 /* DashboardView.swift in Sources */,
                                B21BEFD42E43814D00EDBF92 /* PerformanceDashboard.swift in Sources */,
                                B21BEFD72E43814D00EDBF92 /* SubscriptionManager.swift in Sources */,
                                B21BEFD82E43814D00EDBF92 /* PaywallView.swift in Sources */,
                        );
			runOnlyForDeploymentPostprocessing = 0;
		};
/* End PBXSourcesBuildPhase section */

/* Begin PBXVariantGroup section */
/* End PBXVariantGroup section */

/* Begin XCBuildConfiguration section */
		B21BEFBC2E4380EB00EDBF92 /* Debug */ = {
			isa = XCBuildConfiguration;
			buildSettings = {
				ALWAYS_SEARCH_USER_PATHS = NO;
				ASSETCATALOG_COMPILER_GENERATE_SWIFT_ASSET_SYMBOL_EXTENSIONS = YES;
				CLANG_ANALYZER_NONNULL = YES;
				CLANG_ANALYZER_NUMBER_OBJECT_CONVERSION = YES_AGGRESSIVE;
				CLANG_CXX_LANGUAGE_STANDARD = "gnu++20";
				CLANG_ENABLE_MODULES = YES;
				CLANG_ENABLE_OBJC_ARC = YES;
				CLANG_ENABLE_OBJC_WEAK = YES;
				CLANG_WARN_BLOCK_CAPTURE_AUTORELEASING = YES;
				CLANG_WARN_BOOL_CONVERSION = YES;
				CLANG_WARN_COMMA = YES;
				CLANG_WARN_CONSTANT_CONVERSION = YES;
				CLANG_WARN_DEPRECATED_OBJC_IMPLEMENTATIONS = YES;
				CLANG_WARN_DIRECT_OBJC_ISA_USAGE = YES_ERROR;
				CLANG_WARN_DOCUMENTATION_COMMENTS = YES;
				CLANG_WARN_EMPTY_BODY = YES;
				CLANG_WARN_ENUM_CONVERSION = YES;
				CLANG_WARN_INFINITE_RECURSION = YES;
				CLANG_WARN_INT_CONVERSION = YES;
				CLANG_WARN_NON_LITERAL_NULL_CONVERSION = YES;
				CLANG_WARN_OBJC_IMPLICIT_RETAIN_SELF = YES;
				CLANG_WARN_OBJC_LITERAL_CONVERSION = YES;
				CLANG_WARN_OBJC_ROOT_CLASS = YES_ERROR;
				CLANG_WARN_QUOTED_INCLUDE_IN_FRAMEWORK_HEADER = YES;
				CLANG_WARN_RANGE_LOOP_ANALYSIS = YES;
				CLANG_WARN_STRICT_PROTOTYPES = YES;
				CLANG_WARN_SUSPICIOUS_MOVE = YES;
				CLANG_WARN_UNGUARDED_AVAILABILITY = YES_AGGRESSIVE;
				CLANG_WARN_UNREACHABLE_CODE = YES;
				CLANG_WARN__DUPLICATE_METHOD_MATCH = YES;
				COPY_PHASE_STRIP = NO;
				DEBUG_INFORMATION_FORMAT = dwarf;
				ENABLE_STRICT_OBJC_MSGSEND = YES;
				ENABLE_TESTABILITY = YES;
				ENABLE_USER_SCRIPT_SANDBOXING = YES;
				GCC_C_LANGUAGE_STANDARD = gnu17;
				GCC_DYNAMIC_NO_PIC = NO;
				GCC_NO_COMMON_BLOCKS = YES;
				GCC_OPTIMIZATION_LEVEL = 0;
				GCC_PREPROCESSOR_DEFINITIONS = (
					"DEBUG=1",
					"$(inherited)",
				);
				GCC_WARN_64_TO_32_BIT_CONVERSION = YES;
				GCC_WARN_ABOUT_RETURN_TYPE = YES_ERROR;
				GCC_WARN_UNDECLARED_SELECTOR = YES;
				GCC_WARN_UNINITIALIZED_AUTOS = YES_AGGRESSIVE;
				GCC_WARN_UNUSED_FUNCTION = YES;
				GCC_WARN_UNUSED_VARIABLE = YES;
				IPHONEOS_DEPLOYMENT_TARGET = 17.4;
				LOCALIZATION_PREFERS_STRING_CATALOGS = YES;
				MTL_ENABLE_DEBUG_INFO = INCLUDE_SOURCE;
				MTL_FAST_MATH = YES;
				ONLY_ACTIVE_ARCH = YES;
				SDKROOT = iphoneos;
				SWIFT_ACTIVE_COMPILATION_CONDITIONS = "DEBUG $(inherited)";
				SWIFT_OPTIMIZATION_LEVEL = "-Onone";
			};
			name = Debug;
		};
		B21BEFBD2E4380EB00EDBF92 /* Release */ = {
			isa = XCBuildConfiguration;
			buildSettings = {
				ALWAYS_SEARCH_USER_PATHS = NO;
				ASSETCATALOG_COMPILER_GENERATE_SWIFT_ASSET_SYMBOL_EXTENSIONS = YES;
				CLANG_ANALYZER_NONNULL = YES;
				CLANG_ANALYZER_NUMBER_OBJECT_CONVERSION = YES_AGGRESSIVE;
				CLANG_CXX_LANGUAGE_STANDARD = "gnu++20";
				CLANG_ENABLE_MODULES = YES;
				CLANG_ENABLE_OBJC_ARC = YES;
				CLANG_ENABLE_OBJC_WEAK = YES;
				CLANG_WARN_BLOCK_CAPTURE_AUTORELEASING = YES;
				CLANG_WARN_BOOL_CONVERSION = YES;
				CLANG_WARN_COMMA = YES;
				CLANG_WARN_CONSTANT_CONVERSION = YES;
				CLANG_WARN_DEPRECATED_OBJC_IMPLEMENTATIONS = YES;
				CLANG_WARN_DIRECT_OBJC_ISA_USAGE = YES_ERROR;
				CLANG_WARN_DOCUMENTATION_COMMENTS = YES;
				CLANG_WARN_EMPTY_BODY = YES;
				CLANG_WARN_ENUM_CONVERSION = YES;
				CLANG_WARN_INFINITE_RECURSION = YES;
				CLANG_WARN_INT_CONVERSION = YES;
				CLANG_WARN_NON_LITERAL_NULL_CONVERSION = YES;
				CLANG_WARN_OBJC_IMPLICIT_RETAIN_SELF = YES;
				CLANG_WARN_OBJC_LITERAL_CONVERSION = YES;
				CLANG_WARN_OBJC_ROOT_CLASS = YES_ERROR;
				CLANG_WARN_QUOTED_INCLUDE_IN_FRAMEWORK_HEADER = YES;
				CLANG_WARN_RANGE_LOOP_ANALYSIS = YES;
				CLANG_WARN_STRICT_PROTOTYPES = YES;
				CLANG_WARN_SUSPICIOUS_MOVE = YES;
				CLANG_WARN_UNGUARDED_AVAILABILITY = YES_AGGRESSIVE;
				CLANG_WARN_UNREACHABLE_CODE = YES;
				CLANG_WARN__DUPLICATE_METHOD_MATCH = YES;
				COPY_PHASE_STRIP = NO;
				DEBUG_INFORMATION_FORMAT = "dwarf-with-dsym";
				ENABLE_NS_ASSERTIONS = NO;
				ENABLE_STRICT_OBJC_MSGSEND = YES;
				ENABLE_USER_SCRIPT_SANDBOXING = YES;
				GCC_C_LANGUAGE_STANDARD = gnu17;
				GCC_NO_COMMON_BLOCKS = YES;
				GCC_WARN_64_TO_32_BIT_CONVERSION = YES;
				GCC_WARN_ABOUT_RETURN_TYPE = YES_ERROR;
				GCC_WARN_UNDECLARED_SELECTOR = YES;
				GCC_WARN_UNINITIALIZED_AUTOS = YES_AGGRESSIVE;
				GCC_WARN_UNUSED_FUNCTION = YES;
				GCC_WARN_UNUSED_VARIABLE = YES;
				IPHONEOS_DEPLOYMENT_TARGET = 17.4;
				LOCALIZATION_PREFERS_STRING_CATALOGS = YES;
				MTL_ENABLE_DEBUG_INFO = NO;
				MTL_FAST_MATH = YES;
				SDKROOT = iphoneos;
				SWIFT_COMPILATION_MODE = wholemodule;
				VALIDATE_PRODUCT = YES;
			};
			name = Release;
		};
		B21BEFBF2E4380EB00EDBF92 /* Debug */ = {
			isa = XCBuildConfiguration;
			buildSettings = {
				ASSETCATALOG_COMPILER_APPICON_NAME = AppIcon;
				ASSETCATALOG_COMPILER_GLOBAL_ACCENT_COLOR_NAME = AccentColor;
				CODE_SIGN_STYLE = Automatic;
				CURRENT_PROJECT_VERSION = 1;
				DEVELOPMENT_TEAM = 36SL876MN9;
                            INFOPLIST_FILE = Info.plist;
                            INFOPLIST_KEY_UIApplicationSupportsIndirectInputEvents = YES;
                            INFOPLIST_KEY_UISupportedInterfaceOrientations_iPad = "UIInterfaceOrientationPortrait UIInterfaceOrientationPortraitUpsideDown UIInterfaceOrientationLandscapeLeft UIInterfaceOrientationLandscapeRight";
                            INFOPLIST_KEY_UISupportedInterfaceOrientations_iPhone = "UIInterfaceOrientationPortrait UIInterfaceOrientationLandscapeLeft UIInterfaceOrientationLandscapeRight";
				IPHONEOS_DEPLOYMENT_TARGET = 15.0;
				LD_RUNPATH_SEARCH_PATHS = (
					"$(inherited)",
					"@executable_path/Frameworks",
				);
				MARKETING_VERSION = 1.0;
				PRODUCT_BUNDLE_IDENTIFIER = com.fritz.FlashArb;
				PRODUCT_NAME = "$(TARGET_NAME)";
				SWIFT_EMIT_LOC_STRINGS = YES;
				SWIFT_VERSION = 5.0;
				TARGETED_DEVICE_FAMILY = "1,2";
			};
			name = Debug;
		};
		B21BEFC02E4380EB00EDBF92 /* Release */ = {
			isa = XCBuildConfiguration;
			buildSettings = {
				ASSETCATALOG_COMPILER_APPICON_NAME = AppIcon;
				ASSETCATALOG_COMPILER_GLOBAL_ACCENT_COLOR_NAME = AccentColor;
				CODE_SIGN_STYLE = Automatic;
				CURRENT_PROJECT_VERSION = 1;
				DEVELOPMENT_TEAM = 36SL876MN9;
                            INFOPLIST_FILE = Info.plist;
                            INFOPLIST_KEY_UIApplicationSupportsIndirectInputEvents = YES;
                            INFOPLIST_KEY_UISupportedInterfaceOrientations_iPad = "UIInterfaceOrientationPortrait UIInterfaceOrientationPortraitUpsideDown UIInterfaceOrientationLandscapeLeft UIInterfaceOrientationLandscapeRight";
                            INFOPLIST_KEY_UISupportedInterfaceOrientations_iPhone = "UIInterfaceOrientationPortrait UIInterfaceOrientationLandscapeLeft UIInterfaceOrientationLandscapeRight";
				IPHONEOS_DEPLOYMENT_TARGET = 15.0;
				LD_RUNPATH_SEARCH_PATHS = (
					"$(inherited)",
					"@executable_path/Frameworks",
				);
				MARKETING_VERSION = 1.0;
				PRODUCT_BUNDLE_IDENTIFIER = com.fritz.FlashArb;
				PRODUCT_NAME = "$(TARGET_NAME)";
				SWIFT_EMIT_LOC_STRINGS = YES;
				SWIFT_VERSION = 5.0;
				TARGETED_DEVICE_FAMILY = "1,2";
			};
			name = Release;
		};
/* End XCBuildConfiguration section */

/* Begin XCConfigurationList section */
		B21BEFA52E4380E900EDBF92 /* Build configuration list for PBXProject "FlashArb" */ = {
			isa = XCConfigurationList;
			buildConfigurations = (
				B21BEFBC2E4380EB00EDBF92 /* Debug */,
				B21BEFBD2E4380EB00EDBF92 /* Release */,
			);
			defaultConfigurationIsVisible = 0;
			defaultConfigurationName = Release;
		};
		B21BEFBE2E4380EB00EDBF92 /* Build configuration list for PBXNativeTarget "FlashArb" */ = {
			isa = XCConfigurationList;
			buildConfigurations = (
				B21BEFBF2E4380EB00EDBF92 /* Debug */,
				B21BEFC02E4380EB00EDBF92 /* Release */,
			);
			defaultConfigurationIsVisible = 0;
			defaultConfigurationName = Release;
		};
/* End XCConfigurationList section */
	};
	rootObject = B21BEFA22E4380E900EDBF92 /* Project object */;
}
